{
  "nodes": {
    "nixpkgs": {
      "locked": {
        "lastModified": 1774886129,
        "narHash": "sha256-Olf8HLri9Lw8+ok0qKaPgh5U00igvDYBsXxnd/il0ow=",
        "owner": "NixOS",
        "repo": "nixpkgs",
        "rev": "7d569434b76aac7ebad49cec8ed34b0248ede40f",
        "type": "github"
      },
      "original": {
        "owner": "NixOS",
        "repo": "nixpkgs",
        "type": "github"
      }
    },
    "root": {
      "inputs": {
        "nixpkgs": "nixpkgs"
      }
    }
  },
  "root": "root",
  "version": 7
}
